
Microsoft Visual Studio Solution File, Format Version 12.00
# Visual Studio 15
VisualStudioVersion = 15.0.28010.2046
MinimumVisualStudioVersion = 10.0.40219.1
Project("{FAE04EC0-301F-11D3-BF4B-00C04F79EFBC}") = "MonoHack.Engine", "MonoHack.Engine\MonoHack.Engine.csproj", "{B5211612-049F-4555-9551-7D9F8EB86135}"
EndProject
Project("{FAE04EC0-301F-11D3-BF4B-00C04F79EFBC}") = "MonoHack", "MonoHack\MonoHack.csproj", "{EC02F864-635D-4EB1-BDB1-3B3DB7DB6330}"
EndProject
Global
	GlobalSection(SharedMSBuildProjectFiles) = preSolution
		MonoHack.Engine\MonoHack.Engine.projitems*{48397eef-f5ed-488b-becf-88dac5005c2c}*SharedItemsImports = 4
		MonoHack.Engine\MonoHack.Engine.projitems*{a0cdbd0e-3a41-42b7-9425-a838bc2c7383}*SharedItemsImports = 13
	EndGlobalSection
	GlobalSection(SolutionConfigurationPlatforms) = preSolution
		Debug|Any CPU = Debug|Any CPU
		Debug|x64 = Debug|x64
		Debug|x86 = Debug|x86
		Release|Any CPU = Release|Any CPU
		Release|x64 = Release|x64
		Release|x86 = Release|x86
	EndGlobalSection
	GlobalSection(ProjectConfigurationPlatforms) = postSolution
		{B5211612-049F-4555-9551-7D9F8EB86135}.Debug|Any CPU.ActiveCfg = Debug|Any CPU
		{B5211612-049F-4555-9551-7D9F8EB86135}.Debug|Any CPU.Build.0 = Debug|Any CPU
		{B5211612-049F-4555-9551-7D9F8EB86135}.Debug|x64.ActiveCfg = Debug|Any CPU
		{B5211612-049F-4555-9551-7D9F8EB86135}.Debug|x64.Build.0 = Debug|Any CPU
		{B5211612-049F-4555-9551-7D9F8EB86135}.Debug|x86.ActiveCfg = Debug|Any CPU
		{B5211612-049F-4555-9551-7D9F8EB86135}.Debug|x86.Build.0 = Debug|Any CPU
		{B5211612-049F-4555-9551-7D9F8EB86135}.Release|Any CPU.ActiveCfg = Release|Any CPU
		{B5211612-049F-4555-9551-7D9F8EB86135}.Release|Any CPU.Build.0 = Release|Any CPU
		{B5211612-049F-4555-9551-7D9F8EB86135}.Release|x64.ActiveCfg = Release|Any CPU
		{B5211612-049F-4555-9551-7D9F8EB86135}.Release|x64.Build.0 = Release|Any CPU
		{B5211612-049F-4555-9551-7D9F8EB86135}.Release|x86.ActiveCfg = Release|Any CPU
		{B5211612-049F-4555-9551-7D9F8EB86135}.Release|x86.Build.0 = Release|Any CPU
		{EC02F864-635D-4EB1-BDB1-3B3DB7DB6330}.Debug|Any CPU.ActiveCfg = Debug|Any CPU
		{EC02F864-635D-4EB1-BDB1-3B3DB7DB6330}.Debug|Any CPU.Build.0 = Debug|Any CPU
		{EC02F864-635D-4EB1-BDB1-3B3DB7DB6330}.Debug|x64.ActiveCfg = Debug|Any CPU
		{EC02F864-635D-4EB1-BDB1-3B3DB7DB6330}.Debug|x64.Build.0 = Debug|Any CPU
		{EC02F864-635D-4EB1-BDB1-3B3DB7DB6330}.Debug|x86.ActiveCfg = Debug|Any CPU
		{EC02F864-635D-4EB1-BDB1-3B3DB7DB6330}.Debug|x86.Build.0 = Debug|Any CPU
		{EC02F864-635D-4EB1-BDB1-3B3DB7DB6330}.Release|Any CPU.ActiveCfg = Release|Any CPU
		{EC02F864-635D-4EB1-BDB1-3B3DB7DB6330}.Release|Any CPU.Build.0 = Release|Any CPU
		{EC02F864-635D-4EB1-BDB1-3B3DB7DB6330}.Release|x64.ActiveCfg = Release|Any CPU
		{EC02F864-635D-4EB1-BDB1-3B3DB7DB6330}.Release|x64.Build.0 = Release|Any CPU
		{EC02F864-635D-4EB1-BDB1-3B3DB7DB6330}.Release|x86.ActiveCfg = Release|Any CPU
		{EC02F864-635D-4EB1-BDB1-3B3DB7DB6330}.Release|x86.Build.0 = Release|Any CPU
	EndGlobalSection
	GlobalSection(SolutionProperties) = preSolution
		HideSolutionNode = FALSE
	EndGlobalSection
	GlobalSection(ExtensibilityGlobals) = postSolution
		SolutionGuid = {D5DB5940-A569-4F4A-888F-4DD806038529}
	EndGlobalSection
EndGlobal
